
Microsoft Visual Studio Solution File, Format Version 12.00
# Visual Studio Version 17
VisualStudioVersion = 17.8.34511.84
MinimumVisualStudioVersion = 10.0.40219.1
Project("{FAE04EC0-301F-11D3-BF4B-00C04F79EFBC}") = "File_IO", "File_IO.csproj", "{8016C34A-B65D-44BA-8BD3-6E948AC70C01}"
EndProject
Project("{2150E333-8FDC-42A3-9474-1A3956D46DE8}") = "Solution Items", "Solution Items", "{16E4F243-FB81-43BF-8B41-A376FBF0C714}"
EndProject
Global
	GlobalSection(SolutionConfigurationPlatforms) = preSolution
		Debug|Any CPU = Debug|Any CPU
		Release|Any CPU = Release|Any CPU
	EndGlobalSection
	GlobalSection(ProjectConfigurationPlatforms) = postSolution
		{8016C34A-B65D-44BA-8BD3-6E948AC70C01}.Debug|Any CPU.ActiveCfg = Debug|Any CPU
		{8016C34A-B65D-44BA-8BD3-6E948AC70C01}.Debug|Any CPU.Build.0 = Debug|Any CPU
		{8016C34A-B65D-44BA-8BD3-6E948AC70C01}.Release|Any CPU.ActiveCfg = Release|Any CPU
		{8016C34A-B65D-44BA-8BD3-6E948AC70C01}.Release|Any CPU.Build.0 = Release|Any CPU
	EndGlobalSection
	GlobalSection(SolutionProperties) = preSolution
		HideSolutionNode = FALSE
	EndGlobalSection
	GlobalSection(ExtensibilityGlobals) = postSolution
		SolutionGuid = {62D83F75-E5DB-447D-B407-F5E624E3AEC2}
	EndGlobalSection
EndGlobal
